
Microsoft Visual Studio Solution File, Format Version 12.00
# Visual Studio 15
VisualStudioVersion = 15.0.26430.15
MinimumVisualStudioVersion = 10.0.40219.1
Project("{FAE04EC0-301F-11D3-BF4B-00C04F79EFBC}") = "ProjectSwapp", "ProjectSwapp\ProjectSwapp.csproj", "{8E046CEB-6119-4FD7-B886-AD61F194B9CC}"
EndProject
Global
	GlobalSection(SolutionConfigurationPlatforms) = preSolution
		Debug|Any CPU = Debug|Any CPU
		Release|Any CPU = Release|Any CPU
	EndGlobalSection
	GlobalSection(ProjectConfigurationPlatforms) = postSolution
		{8E046CEB-6119-4FD7-B886-AD61F194B9CC}.Debug|Any CPU.ActiveCfg = Debug|Any CPU
		{8E046CEB-6119-4FD7-B886-AD61F194B9CC}.Debug|Any CPU.Build.0 = Debug|Any CPU
		{8E046CEB-6119-4FD7-B886-AD61F194B9CC}.Release|Any CPU.ActiveCfg = Release|Any CPU
		{8E046CEB-6119-4FD7-B886-AD61F194B9CC}.Release|Any CPU.Build.0 = Release|Any CPU
	EndGlobalSection
	GlobalSection(SolutionProperties) = preSolution
		HideSolutionNode = FALSE
	EndGlobalSection
EndGlobal
